// !$*UTF8*$!
{
	archiveVersion = 1;
	classes = {
	};
	objectVersion = 56;
	objects = {

/* Begin PBXBuildFile section */
		776D25AC28F202A8001B0899 /* AppleMusicMVVMApp.swift in Sources */ = {isa = PBXBuildFile; fileRef = 776D25AB28F202A8001B0899 /* AppleMusicMVVMApp.swift */; };
		776D25AE28F202A8001B0899 /* FirstScren.swift in Sources */ = {isa = PBXBuildFile; fileRef = 776D25AD28F202A8001B0899 /* FirstScren.swift */; };
		776D25B028F202AB001B0899 /* Assets.xcassets in Resources */ = {isa = PBXBuildFile; fileRef = 776D25AF28F202AB001B0899 /* Assets.xcassets */; };
		776D25B328F202AB001B0899 /* Preview Assets.xcassets in Resources */ = {isa = PBXBuildFile; fileRef = 776D25B228F202AB001B0899 /* Preview Assets.xcassets */; };
		776D25BD28F202AC001B0899 /* AppleMusicMVVMTests.swift in Sources */ = {isa = PBXBuildFile; fileRef = 776D25BC28F202AC001B0899 /* AppleMusicMVVMTests.swift */; };
		776D25C728F202AC001B0899 /* AppleMusicMVVMUITests.swift in Sources */ = {isa = PBXBuildFile; fileRef = 776D25C628F202AC001B0899 /* AppleMusicMVVMUITests.swift */; };
		776D25C928F202AC001B0899 /* AppleMusicMVVMUITestsLaunchTests.swift in Sources */ = {isa = PBXBuildFile; fileRef = 776D25C828F202AC001B0899 /* AppleMusicMVVMUITestsLaunchTests.swift */; };
		776D25D628F212AF001B0899 /* FirstScrenViewModel.swift in Sources */ = {isa = PBXBuildFile; fileRef = 776D25D528F212AF001B0899 /* FirstScrenViewModel.swift */; };
		776D25D828F213C8001B0899 /* Text.swift in Sources */ = {isa = PBXBuildFile; fileRef = 776D25D728F213C8001B0899 /* Text.swift */; };
/* End PBXBuildFile section */

/* Begin PBXContainerItemProxy section */
		776D25B928F202AC001B0899 /* PBXContainerItemProxy */ = {
			isa = PBXContainerItemProxy;
			containerPortal = 776D25A028F202A8001B0899 /* Project object */;
			proxyType = 1;
			remoteGlobalIDString = 776D25A728F202A8001B0899;
			remoteInfo = AppleMusicMVVM;
		};
		776D25C328F202AC001B0899 /* PBXContainerItemProxy */ = {
			isa = PBXContainerItemProxy;
			containerPortal = 776D25A028F202A8001B0899 /* Project object */;
			proxyType = 1;
			remoteGlobalIDString = 776D25A728F202A8001B0899;
			remoteInfo = AppleMusicMVVM;
		};
/* End PBXContainerItemProxy section */

/* Begin PBXFileReference section */
		776D25A828F202A8001B0899 /* AppleMusicMVVM.app */ = {isa = PBXFileReference; explicitFileType = wrapper.application; includeInIndex = 0; path = AppleMusicMVVM.app; sourceTree = BUILT_PRODUCTS_DIR; };
		776D25AB28F202A8001B0899 /* AppleMusicMVVMApp.swift */ = {isa = PBXFileReference; lastKnownFileType = sourcecode.swift; path = AppleMusicMVVMApp.swift; sourceTree = "<group>"; };
		776D25AD28F202A8001B0899 /* FirstScren.swift */ = {isa = PBXFileReference; lastKnownFileType = sourcecode.swift; path = FirstScren.swift; sourceTree = "<group>"; };
		776D25AF28F202AB001B0899 /* Assets.xcassets */ = {isa = PBXFileReference; lastKnownFileType = folder.assetcatalog; path = Assets.xcassets; sourceTree = "<group>"; };
		776D25B228F202AB001B0899 /* Preview Assets.xcassets */ = {isa = PBXFileReference; lastKnownFileType = folder.assetcatalog; path = "Preview Assets.xcassets"; sourceTree = "<group>"; };
		776D25B828F202AC001B0899 /* AppleMusicMVVMTests.xctest */ = {isa = PBXFileReference; explicitFileType = wrapper.cfbundle; includeInIndex = 0; path = AppleMusicMVVMTests.xctest; sourceTree = BUILT_PRODUCTS_DIR; };
		776D25BC28F202AC001B0899 /* AppleMusicMVVMTests.swift */ = {isa = PBXFileReference; lastKnownFileType = sourcecode.swift; path = AppleMusicMVVMTests.swift; sourceTree = "<group>"; };
		776D25C228F202AC001B0899 /* AppleMusicMVVMUITests.xctest */ = {isa = PBXFileReference; explicitFileType = wrapper.cfbundle; includeInIndex = 0; path = AppleMusicMVVMUITests.xctest; sourceTree = BUILT_PRODUCTS_DIR; };
		776D25C628F202AC001B0899 /* AppleMusicMVVMUITests.swift */ = {isa = PBXFileReference; lastKnownFileType = sourcecode.swift; path = AppleMusicMVVMUITests.swift; sourceTree = "<group>"; };
		776D25C828F202AC001B0899 /* AppleMusicMVVMUITestsLaunchTests.swift */ = {isa = PBXFileReference; lastKnownFileType = sourcecode.swift; path = AppleMusicMVVMUITestsLaunchTests.swift; sourceTree = "<group>"; };
		776D25D528F212AF001B0899 /* FirstScrenViewModel.swift */ = {isa = PBXFileReference; lastKnownFileType = sourcecode.swift; path = FirstScrenViewModel.swift; sourceTree = "<group>"; };
		776D25D728F213C8001B0899 /* Text.swift */ = {isa = PBXFileReference; lastKnownFileType = sourcecode.swift; path = Text.swift; sourceTree = "<group>"; };
/* End PBXFileReference section */

/* Begin PBXFrameworksBuildPhase section */
		776D25A528F202A8001B0899 /* Frameworks */ = {
			isa = PBXFrameworksBuildPhase;
			buildActionMask = 2147483647;
			files = (
			);
			runOnlyForDeploymentPostprocessing = 0;
		};
		776D25B528F202AC001B0899 /* Frameworks */ = {
			isa = PBXFrameworksBuildPhase;
			buildActionMask = 2147483647;
			files = (
			);
			runOnlyForDeploymentPostprocessing = 0;
		};
		776D25BF28F202AC001B0899 /* Frameworks */ = {
			isa = PBXFrameworksBuildPhase;
			buildActionMask = 2147483647;
			files = (
			);
			runOnlyForDeploymentPostprocessing = 0;
		};
/* End PBXFrameworksBuildPhase section */

/* Begin PBXGroup section */
		776D259F28F202A8001B0899 = {
			isa = PBXGroup;
			children = (
				776D25AA28F202A8001B0899 /* AppleMusicMVVM */,
				776D25BB28F202AC001B0899 /* AppleMusicMVVMTests */,
				776D25C528F202AC001B0899 /* AppleMusicMVVMUITests */,
				776D25A928F202A8001B0899 /* Products */,
			);
			sourceTree = "<group>";
		};
		776D25A928F202A8001B0899 /* Products */ = {
			isa = PBXGroup;
			children = (
				776D25A828F202A8001B0899 /* AppleMusicMVVM.app */,
				776D25B828F202AC001B0899 /* AppleMusicMVVMTests.xctest */,
				776D25C228F202AC001B0899 /* AppleMusicMVVMUITests.xctest */,
			);
			name = Products;
			sourceTree = "<group>";
		};
		776D25AA28F202A8001B0899 /* AppleMusicMVVM */ = {
			isa = PBXGroup;
			children = (
				776D25AB28F202A8001B0899 /* AppleMusicMVVMApp.swift */,
				776D25AD28F202A8001B0899 /* FirstScren.swift */,
				776D25D528F212AF001B0899 /* FirstScrenViewModel.swift */,
				776D25D728F213C8001B0899 /* Text.swift */,
				776D25AF28F202AB001B0899 /* Assets.xcassets */,
				776D25B128F202AB001B0899 /* Preview Content */,
			);
			path = AppleMusicMVVM;
			sourceTree = "<group>";
		};
		776D25B128F202AB001B0899 /* Preview Content */ = {
			isa = PBXGroup;
			children = (
				776D25B228F202AB001B0899 /* Preview Assets.xcassets */,
			);
			path = "Preview Content";
			sourceTree = "<group>";
		};
		776D25BB28F202AC001B0899 /* AppleMusicMVVMTests */ = {
			isa = PBXGroup;
			children = (
				776D25BC28F202AC001B0899 /* AppleMusicMVVMTests.swift */,
			);
			path = AppleMusicMVVMTests;
			sourceTree = "<group>";
		};
		776D25C528F202AC001B0899 /* AppleMusicMVVMUITests */ = {
			isa = PBXGroup;
			children = (
				776D25C628F202AC001B0899 /* AppleMusicMVVMUITests.swift */,
				776D25C828F202AC001B0899 /* AppleMusicMVVMUITestsLaunchTests.swift */,
			);
			path = AppleMusicMVVMUITests;
			sourceTree = "<group>";
		};
/* End PBXGroup section */

/* Begin PBXNativeTarget section */
		776D25A728F202A8001B0899 /* AppleMusicMVVM */ = {
			isa = PBXNativeTarget;
			buildConfigurationList = 776D25CC28F202AC001B0899 /* Build configuration list for PBXNativeTarget "AppleMusicMVVM" */;
			buildPhases = (
				776D25A428F202A8001B0899 /* Sources */,
				776D25A528F202A8001B0899 /* Frameworks */,
				776D25A628F202A8001B0899 /* Resources */,
			);
			buildRules = (
			);
			dependencies = (
			);
			name = AppleMusicMVVM;
			productName = AppleMusicMVVM;
			productReference = 776D25A828F202A8001B0899 /* AppleMusicMVVM.app */;
			productType = "com.apple.product-type.application";
		};
		776D25B728F202AC001B0899 /* AppleMusicMVVMTests */ = {
			isa = PBXNativeTarget;
			buildConfigurationList = 776D25CF28F202AC001B0899 /* Build configuration list for PBXNativeTarget "AppleMusicMVVMTests" */;
			buildPhases = (
				776D25B428F202AC001B0899 /* Sources */,
				776D25B528F202AC001B0899 /* Frameworks */,
				776D25B628F202AC001B0899 /* Resources */,
			);
			buildRules = (
			);
			dependencies = (
				776D25BA28F202AC001B0899 /* PBXTargetDependency */,
			);
			name = AppleMusicMVVMTests;
			productName = AppleMusicMVVMTests;
			productReference = 776D25B828F202AC001B0899 /* AppleMusicMVVMTests.xctest */;
			productType = "com.apple.product-type.bundle.unit-test";
		};
		776D25C128F202AC001B0899 /* AppleMusicMVVMUITests */ = {
			isa = PBXNativeTarget;
			buildConfigurationList = 776D25D228F202AC001B0899 /* Build configuration list for PBXNativeTarget "AppleMusicMVVMUITests" */;
			buildPhases = (
				776D25BE28F202AC001B0899 /* Sources */,
				776D25BF28F202AC001B0899 /* Frameworks */,
				776D25C028F202AC001B0899 /* Resources */,
			);
			buildRules = (
			);
			dependencies = (
				776D25C428F202AC001B0899 /* PBXTargetDependency */,
			);
			name = AppleMusicMVVMUITests;
			productName = AppleMusicMVVMUITests;
			productReference = 776D25C228F202AC001B0899 /* AppleMusicMVVMUITests.xctest */;
			productType = "com.apple.product-type.bundle.ui-testing";
		};
/* End PBXNativeTarget section */

/* Begin PBXProject section */
		776D25A028F202A8001B0899 /* Project object */ = {
			isa = PBXProject;
			attributes = {
				BuildIndependentTargetsInParallel = 1;
				LastSwiftUpdateCheck = 1400;
				LastUpgradeCheck = 1400;
				TargetAttributes = {
					776D25A728F202A8001B0899 = {
						CreatedOnToolsVersion = 14.0;
					};
					776D25B728F202AC001B0899 = {
						CreatedOnToolsVersion = 14.0;
						TestTargetID = 776D25A728F202A8001B0899;
					};
					776D25C128F202AC001B0899 = {
						CreatedOnToolsVersion = 14.0;
						TestTargetID = 776D25A728F202A8001B0899;
					};
				};
			};
			buildConfigurationList = 776D25A328F202A8001B0899 /* Build configuration list for PBXProject "AppleMusicMVVM" */;
			compatibilityVersion = "Xcode 14.0";
			developmentRegion = en;
			hasScannedForEncodings = 0;
			knownRegions = (
				en,
				Base,
			);
			mainGroup = 776D259F28F202A8001B0899;
			productRefGroup = 776D25A928F202A8001B0899 /* Products */;
			projectDirPath = "";
			projectRoot = "";
			targets = (
				776D25A728F202A8001B0899 /* AppleMusicMVVM */,
				776D25B728F202AC001B0899 /* AppleMusicMVVMTests */,
				776D25C128F202AC001B0899 /* AppleMusicMVVMUITests */,
			);
		};
/* End PBXProject section */

/* Begin PBXResourcesBuildPhase section */
		776D25A628F202A8001B0899 /* Resources */ = {
			isa = PBXResourcesBuildPhase;
			buildActionMask = 2147483647;
			files = (
				776D25B328F202AB001B0899 /* Preview Assets.xcassets in Resources */,
				776D25B028F202AB001B0899 /* Assets.xcassets in Resources */,
			);
			runOnlyForDeploymentPostprocessing = 0;
		};
		776D25B628F202AC001B0899 /* Resources */ = {
			isa = PBXResourcesBuildPhase;
			buildActionMask = 2147483647;
			files = (
			);
			runOnlyForDeploymentPostprocessing = 0;
		};
		776D25C028F202AC001B0899 /* Resources */ = {
			isa = PBXResourcesBuildPhase;
			buildActionMask = 2147483647;
			files = (
			);
			runOnlyForDeploymentPostprocessing = 0;
		};
/* End PBXResourcesBuildPhase section */

/* Begin PBXSourcesBuildPhase section */
		776D25A428F202A8001B0899 /* Sources */ = {
			isa = PBXSourcesBuildPhase;
			buildActionMask = 2147483647;
			files = (
				776D25D628F212AF001B0899 /* FirstScrenViewModel.swift in Sources */,
				776D25AE28F202A8001B0899 /* FirstScren.swift in Sources */,
				776D25D828F213C8001B0899 /* Text.swift in Sources */,
				776D25AC28F202A8001B0899 /* AppleMusicMVVMApp.swift in Sources */,
			);
			runOnlyForDeploymentPostprocessing = 0;
		};
		776D25B428F202AC001B0899 /* Sources */ = {
			isa = PBXSourcesBuildPhase;
			buildActionMask = 2147483647;
			files = (
				776D25BD28F202AC001B0899 /* AppleMusicMVVMTests.swift in Sources */,
			);
			runOnlyForDeploymentPostprocessing = 0;
		};
		776D25BE28F202AC001B0899 /* Sources */ = {
			isa = PBXSourcesBuildPhase;
			buildActionMask = 2147483647;
			files = (
				776D25C728F202AC001B0899 /* AppleMusicMVVMUITests.swift in Sources */,
				776D25C928F202AC001B0899 /* AppleMusicMVVMUITestsLaunchTests.swift in Sources */,
			);
			runOnlyForDeploymentPostprocessing = 0;
		};
/* End PBXSourcesBuildPhase section */

/* Begin PBXTargetDependency section */
		776D25BA28F202AC001B0899 /* PBXTargetDependency */ = {
			isa = PBXTargetDependency;
			target = 776D25A728F202A8001B0899 /* AppleMusicMVVM */;
			targetProxy = 776D25B928F202AC001B0899 /* PBXContainerItemProxy */;
		};
		776D25C428F202AC001B0899 /* PBXTargetDependency */ = {
			isa = PBXTargetDependency;
			target = 776D25A728F202A8001B0899 /* AppleMusicMVVM */;
			targetProxy = 776D25C328F202AC001B0899 /* PBXContainerItemProxy */;
		};
/* End PBXTargetDependency section */

/* Begin XCBuildConfiguration section */
		776D25CA28F202AC001B0899 /* Debug */ = {
			isa = XCBuildConfiguration;
			buildSettings = {
				ALWAYS_SEARCH_USER_PATHS = NO;
				CLANG_ANALYZER_NONNULL = YES;
				CLANG_ANALYZER_NUMBER_OBJECT_CONVERSION = YES_AGGRESSIVE;
				CLANG_CXX_LANGUAGE_STANDARD = "gnu++20";
				CLANG_ENABLE_MODULES = YES;
				CLANG_ENABLE_OBJC_ARC = YES;
				CLANG_ENABLE_OBJC_WEAK = YES;
				CLANG_WARN_BLOCK_CAPTURE_AUTORELEASING = YES;
				CLANG_WARN_BOOL_CONVERSION = YES;
				CLANG_WARN_COMMA = YES;
				CLANG_WARN_CONSTANT_CONVERSION = YES;
				CLANG_WARN_DEPRECATED_OBJC_IMPLEMENTATIONS = YES;
				CLANG_WARN_DIRECT_OBJC_ISA_USAGE = YES_ERROR;
				CLANG_WARN_DOCUMENTATION_COMMENTS = YES;
				CLANG_WARN_EMPTY_BODY = YES;
				CLANG_WARN_ENUM_CONVERSION = YES;
				CLANG_WARN_INFINITE_RECURSION = YES;
				CLANG_WARN_INT_CONVERSION = YES;
				CLANG_WARN_NON_LITERAL_NULL_CONVERSION = YES;
				CLANG_WARN_OBJC_IMPLICIT_RETAIN_SELF = YES;
				CLANG_WARN_OBJC_LITERAL_CONVERSION = YES;
				CLANG_WARN_OBJC_ROOT_CLASS = YES_ERROR;
				CLANG_WARN_QUOTED_INCLUDE_IN_FRAMEWORK_HEADER = YES;
				CLANG_WARN_RANGE_LOOP_ANALYSIS = YES;
				CLANG_WARN_STRICT_PROTOTYPES = YES;
				CLANG_WARN_SUSPICIOUS_MOVE = YES;
				CLANG_WARN_UNGUARDED_AVAILABILITY = YES_AGGRESSIVE;
				CLANG_WARN_UNREACHABLE_CODE = YES;
				CLANG_WARN__DUPLICATE_METHOD_MATCH = YES;
				COPY_PHASE_STRIP = NO;
				DEBUG_INFORMATION_FORMAT = dwarf;
				ENABLE_STRICT_OBJC_MSGSEND = YES;
				ENABLE_TESTABILITY = YES;
				GCC_C_LANGUAGE_STANDARD = gnu11;
				GCC_DYNAMIC_NO_PIC = NO;
				GCC_NO_COMMON_BLOCKS = YES;
				GCC_OPTIMIZATION_LEVEL = 0;
				GCC_PREPROCESSOR_DEFINITIONS = (
					"DEBUG=1",
					"$(inherited)",
				);
				GCC_WARN_64_TO_32_BIT_CONVERSION = YES;
				GCC_WARN_ABOUT_RETURN_TYPE = YES_ERROR;
				GCC_WARN_UNDECLARED_SELECTOR = YES;
				GCC_WARN_UNINITIALIZED_AUTOS = YES_AGGRESSIVE;
				GCC_WARN_UNUSED_FUNCTION = YES;
				GCC_WARN_UNUSED_VARIABLE = YES;
				IPHONEOS_DEPLOYMENT_TARGET = 16.0;
				MTL_ENABLE_DEBUG_INFO = INCLUDE_SOURCE;
				MTL_FAST_MATH = YES;
				ONLY_ACTIVE_ARCH = YES;
				SDKROOT = iphoneos;
				SWIFT_ACTIVE_COMPILATION_CONDITIONS = DEBUG;
				SWIFT_OPTIMIZATION_LEVEL = "-Onone";
			};
			name = Debug;
		};
		776D25CB28F202AC001B0899 /* Release */ = {
			isa = XCBuildConfiguration;
			buildSettings = {
				ALWAYS_SEARCH_USER_PATHS = NO;
				CLANG_ANALYZER_NONNULL = YES;
				CLANG_ANALYZER_NUMBER_OBJECT_CONVERSION = YES_AGGRESSIVE;
				CLANG_CXX_LANGUAGE_STANDARD = "gnu++20";
				CLANG_ENABLE_MODULES = YES;
				CLANG_ENABLE_OBJC_ARC = YES;
				CLANG_ENABLE_OBJC_WEAK = YES;
				CLANG_WARN_BLOCK_CAPTURE_AUTORELEASING = YES;
				CLANG_WARN_BOOL_CONVERSION = YES;
				CLANG_WARN_COMMA = YES;
				CLANG_WARN_CONSTANT_CONVERSION = YES;
				CLANG_WARN_DEPRECATED_OBJC_IMPLEMENTATIONS = YES;
				CLANG_WARN_DIRECT_OBJC_ISA_USAGE = YES_ERROR;
				CLANG_WARN_DOCUMENTATION_COMMENTS = YES;
				CLANG_WARN_EMPTY_BODY = YES;
				CLANG_WARN_ENUM_CONVERSION = YES;
				CLANG_WARN_INFINITE_RECURSION = YES;
				CLANG_WARN_INT_CONVERSION = YES;
				CLANG_WARN_NON_LITERAL_NULL_CONVERSION = YES;
				CLANG_WARN_OBJC_IMPLICIT_RETAIN_SELF = YES;
				CLANG_WARN_OBJC_LITERAL_CONVERSION = YES;
				CLANG_WARN_OBJC_ROOT_CLASS = YES_ERROR;
				CLANG_WARN_QUOTED_INCLUDE_IN_FRAMEWORK_HEADER = YES;
				CLANG_WARN_RANGE_LOOP_ANALYSIS = YES;
				CLANG_WARN_STRICT_PROTOTYPES = YES;
				CLANG_WARN_SUSPICIOUS_MOVE = YES;
				CLANG_WARN_UNGUARDED_AVAILABILITY = YES_AGGRESSIVE;
				CLANG_WARN_UNREACHABLE_CODE = YES;
				CLANG_WARN__DUPLICATE_METHOD_MATCH = YES;
				COPY_PHASE_STRIP = NO;
				DEBUG_INFORMATION_FORMAT = "dwarf-with-dsym";
				ENABLE_NS_ASSERTIONS = NO;
				ENABLE_STRICT_OBJC_MSGSEND = YES;
				GCC_C_LANGUAGE_STANDARD = gnu11;
				GCC_NO_COMMON_BLOCKS = YES;
				GCC_WARN_64_TO_32_BIT_CONVERSION = YES;
				GCC_WARN_ABOUT_RETURN_TYPE = YES_ERROR;
				GCC_WARN_UNDECLARED_SELECTOR = YES;
				GCC_WARN_UNINITIALIZED_AUTOS = YES_AGGRESSIVE;
				GCC_WARN_UNUSED_FUNCTION = YES;
				GCC_WARN_UNUSED_VARIABLE = YES;
				IPHONEOS_DEPLOYMENT_TARGET = 16.0;
				MTL_ENABLE_DEBUG_INFO = NO;
				MTL_FAST_MATH = YES;
				SDKROOT = iphoneos;
				SWIFT_COMPILATION_MODE = wholemodule;
				SWIFT_OPTIMIZATION_LEVEL = "-O";
				VALIDATE_PRODUCT = YES;
			};
			name = Release;
		};
		776D25CD28F202AC001B0899 /* Debug */ = {
			isa = XCBuildConfiguration;
			buildSettings = {
				ASSETCATALOG_COMPILER_APPICON_NAME = AppIcon;
				ASSETCATALOG_COMPILER_GLOBAL_ACCENT_COLOR_NAME = AccentColor;
				CODE_SIGN_STYLE = Automatic;
				CURRENT_PROJECT_VERSION = 1;
				DEVELOPMENT_ASSET_PATHS = "\"AppleMusicMVVM/Preview Content\"";
				DEVELOPMENT_TEAM = 7J6C95TMNY;
				ENABLE_PREVIEWS = YES;
				GENERATE_INFOPLIST_FILE = YES;
				INFOPLIST_KEY_UIApplicationSceneManifest_Generation = YES;
				INFOPLIST_KEY_UIApplicationSupportsIndirectInputEvents = YES;
				INFOPLIST_KEY_UILaunchScreen_Generation = YES;
				INFOPLIST_KEY_UISupportedInterfaceOrientations_iPad = "UIInterfaceOrientationPortrait UIInterfaceOrientationPortraitUpsideDown UIInterfaceOrientationLandscapeLeft UIInterfaceOrientationLandscapeRight";
				INFOPLIST_KEY_UISupportedInterfaceOrientations_iPhone = "UIInterfaceOrientationPortrait UIInterfaceOrientationLandscapeLeft UIInterfaceOrientationLandscapeRight";
				LD_RUNPATH_SEARCH_PATHS = (
					"$(inherited)",
					"@executable_path/Frameworks",
				);
				MARKETING_VERSION = 1.0;
				PRODUCT_BUNDLE_IDENTIFIER = Pavel.AppleMusicMVVM;
				PRODUCT_NAME = "$(TARGET_NAME)";
				SWIFT_EMIT_LOC_STRINGS = YES;
				SWIFT_VERSION = 5.0;
				TARGETED_DEVICE_FAMILY = "1,2";
			};
			name = Debug;
		};
		776D25CE28F202AC001B0899 /* Release */ = {
			isa = XCBuildConfiguration;
			buildSettings = {
				ASSETCATALOG_COMPILER_APPICON_NAME = AppIcon;
				ASSETCATALOG_COMPILER_GLOBAL_ACCENT_COLOR_NAME = AccentColor;
				CODE_SIGN_STYLE = Automatic;
				CURRENT_PROJECT_VERSION = 1;
				DEVELOPMENT_ASSET_PATHS = "\"AppleMusicMVVM/Preview Content\"";
				DEVELOPMENT_TEAM = 7J6C95TMNY;
				ENABLE_PREVIEWS = YES;
				GENERATE_INFOPLIST_FILE = YES;
				INFOPLIST_KEY_UIApplicationSceneManifest_Generation = YES;
				INFOPLIST_KEY_UIApplicationSupportsIndirectInputEvents = YES;
				INFOPLIST_KEY_UILaunchScreen_Generation = YES;
				INFOPLIST_KEY_UISupportedInterfaceOrientations_iPad = "UIInterfaceOrientationPortrait UIInterfaceOrientationPortraitUpsideDown UIInterfaceOrientationLandscapeLeft UIInterfaceOrientationLandscapeRight";
				INFOPLIST_KEY_UISupportedInterfaceOrientations_iPhone = "UIInterfaceOrientationPortrait UIInterfaceOrientationLandscapeLeft UIInterfaceOrientationLandscapeRight";
				LD_RUNPATH_SEARCH_PATHS = (
					"$(inherited)",
					"@executable_path/Frameworks",
				);
				MARKETING_VERSION = 1.0;
				PRODUCT_BUNDLE_IDENTIFIER = Pavel.AppleMusicMVVM;
				PRODUCT_NAME = "$(TARGET_NAME)";
				SWIFT_EMIT_LOC_STRINGS = YES;
				SWIFT_VERSION = 5.0;
				TARGETED_DEVICE_FAMILY = "1,2";
			};
			name = Release;
		};
		776D25D028F202AC001B0899 /* Debug */ = {
			isa = XCBuildConfiguration;
			buildSettings = {
				ALWAYS_EMBED_SWIFT_STANDARD_LIBRARIES = YES;
				BUNDLE_LOADER = "$(TEST_HOST)";
				CODE_SIGN_STYLE = Automatic;
				CURRENT_PROJECT_VERSION = 1;
				DEVELOPMENT_TEAM = 7J6C95TMNY;
				GENERATE_INFOPLIST_FILE = YES;
				IPHONEOS_DEPLOYMENT_TARGET = 16.0;
				MARKETING_VERSION = 1.0;
				PRODUCT_BUNDLE_IDENTIFIER = Pavel.AppleMusicMVVMTests;
				PRODUCT_NAME = "$(TARGET_NAME)";
				SWIFT_EMIT_LOC_STRINGS = NO;
				SWIFT_VERSION = 5.0;
				TARGETED_DEVICE_FAMILY = "1,2";
				TEST_HOST = "$(BUILT_PRODUCTS_DIR)/AppleMusicMVVM.app/$(BUNDLE_EXECUTABLE_FOLDER_PATH)/AppleMusicMVVM";
			};
			name = Debug;
		};
		776D25D128F202AC001B0899 /* Release */ = {
			isa = XCBuildConfiguration;
			buildSettings = {
				ALWAYS_EMBED_SWIFT_STANDARD_LIBRARIES = YES;
				BUNDLE_LOADER = "$(TEST_HOST)";
				CODE_SIGN_STYLE = Automatic;
				CURRENT_PROJECT_VERSION = 1;
				DEVELOPMENT_TEAM = 7J6C95TMNY;
				GENERATE_INFOPLIST_FILE = YES;
				IPHONEOS_DEPLOYMENT_TARGET = 16.0;
				MARKETING_VERSION = 1.0;
				PRODUCT_BUNDLE_IDENTIFIER = Pavel.AppleMusicMVVMTests;
				PRODUCT_NAME = "$(TARGET_NAME)";
				SWIFT_EMIT_LOC_STRINGS = NO;
				SWIFT_VERSION = 5.0;
				TARGETED_DEVICE_FAMILY = "1,2";
				TEST_HOST = "$(BUILT_PRODUCTS_DIR)/AppleMusicMVVM.app/$(BUNDLE_EXECUTABLE_FOLDER_PATH)/AppleMusicMVVM";
			};
			name = Release;
		};
		776D25D328F202AC001B0899 /* Debug */ = {
			isa = XCBuildConfiguration;
			buildSettings = {
				ALWAYS_EMBED_SWIFT_STANDARD_LIBRARIES = YES;
				CODE_SIGN_STYLE = Automatic;
				CURRENT_PROJECT_VERSION = 1;
				DEVELOPMENT_TEAM = 7J6C95TMNY;
				GENERATE_INFOPLIST_FILE = YES;
				MARKETING_VERSION = 1.0;
				PRODUCT_BUNDLE_IDENTIFIER = Pavel.AppleMusicMVVMUITests;
				PRODUCT_NAME = "$(TARGET_NAME)";
				SWIFT_EMIT_LOC_STRINGS = NO;
				SWIFT_VERSION = 5.0;
				TARGETED_DEVICE_FAMILY = "1,2";
				TEST_TARGET_NAME = AppleMusicMVVM;
			};
			name = Debug;
		};
		776D25D428F202AC001B0899 /* Release */ = {
			isa = XCBuildConfiguration;
			buildSettings = {
				ALWAYS_EMBED_SWIFT_STANDARD_LIBRARIES = YES;
				CODE_SIGN_STYLE = Automatic;
				CURRENT_PROJECT_VERSION = 1;
				DEVELOPMENT_TEAM = 7J6C95TMNY;
				GENERATE_INFOPLIST_FILE = YES;
				MARKETING_VERSION = 1.0;
				PRODUCT_BUNDLE_IDENTIFIER = Pavel.AppleMusicMVVMUITests;
				PRODUCT_NAME = "$(TARGET_NAME)";
				SWIFT_EMIT_LOC_STRINGS = NO;
				SWIFT_VERSION = 5.0;
				TARGETED_DEVICE_FAMILY = "1,2";
				TEST_TARGET_NAME = AppleMusicMVVM;
			};
			name = Release;
		};
/* End XCBuildConfiguration section */

/* Begin XCConfigurationList section */
		776D25A328F202A8001B0899 /* Build configuration list for PBXProject "AppleMusicMVVM" */ = {
			isa = XCConfigurationList;
			buildConfigurations = (
				776D25CA28F202AC001B0899 /* Debug */,
				776D25CB28F202AC001B0899 /* Release */,
			);
			defaultConfigurationIsVisible = 0;
			defaultConfigurationName = Release;
		};
		776D25CC28F202AC001B0899 /* Build configuration list for PBXNativeTarget "AppleMusicMVVM" */ = {
			isa = XCConfigurationList;
			buildConfigurations = (
				776D25CD28F202AC001B0899 /* Debug */,
				776D25CE28F202AC001B0899 /* Release */,
			);
			defaultConfigurationIsVisible = 0;
			defaultConfigurationName = Release;
		};
		776D25CF28F202AC001B0899 /* Build configuration list for PBXNativeTarget "AppleMusicMVVMTests" */ = {
			isa = XCConfigurationList;
			buildConfigurations = (
				776D25D028F202AC001B0899 /* Debug */,
				776D25D128F202AC001B0899 /* Release */,
			);
			defaultConfigurationIsVisible = 0;
			defaultConfigurationName = Release;
		};
		776D25D228F202AC001B0899 /* Build configuration list for PBXNativeTarget "AppleMusicMVVMUITests" */ = {
			isa = XCConfigurationList;
			buildConfigurations = (
				776D25D328F202AC001B0899 /* Debug */,
				776D25D428F202AC001B0899 /* Release */,
			);
			defaultConfigurationIsVisible = 0;
			defaultConfigurationName = Release;
		};
/* End XCConfigurationList section */
	};
	rootObject = 776D25A028F202A8001B0899 /* Project object */;
}
